
Microsoft Visual Studio Solution File, Format Version 12.00
# Visual Studio 15
VisualStudioVersion = 15.0.26730.12
MinimumVisualStudioVersion = 10.0.40219.1
Project("{FAE04EC0-301F-11D3-BF4B-00C04F79EFBC}") = "Windows10", "Windows10\Windows10.csproj", "{5E1B4AB8-7CAC-45C8-951B-37663DD8FC97}"
EndProject
Project("{FAE04EC0-301F-11D3-BF4B-00C04F79EFBC}") = "MyRuntimeComponent", "MyRuntimeComponent\MyRuntimeComponent.csproj", "{6D938215-B509-4076-A237-32CCECA1E7AF}"
EndProject
Project("{FAE04EC0-301F-11D3-BF4B-00C04F79EFBC}") = "MyControls", "MyControls\MyControls.csproj", "{35D5962F-9D60-4B72-9DA8-5D7635D1A932}"
EndProject
Project("{FAE04EC0-301F-11D3-BF4B-00C04F79EFBC}") = "CachedFileUpdaterProvider", "CachedFileUpdaterProvider\CachedFileUpdaterProvider.csproj", "{4839DFDF-6962-47CF-8DD4-4431495B71D1}"
EndProject
Project("{FAE04EC0-301F-11D3-BF4B-00C04F79EFBC}") = "BackgroundTaskLib", "BackgroundTaskLib\BackgroundTaskLib.csproj", "{5BBE7206-AE0D-4F01-AFF5-8A8E2535F1AB}"
EndProject
Project("{FAE04EC0-301F-11D3-BF4B-00C04F79EFBC}") = "WebApi", "WebApi\WebApi.csproj", "{B86919B1-5B25-4C94-8C80-C70DC62B06BE}"
EndProject
Project("{FAE04EC0-301F-11D3-BF4B-00C04F79EFBC}") = "MyShareTarget", "MyShareTarget\MyShareTarget.csproj", "{D0A3434D-E159-42FB-927B-0108F65D3654}"
EndProject
Global
	GlobalSection(SolutionConfigurationPlatforms) = preSolution
		Debug|Any CPU = Debug|Any CPU
		Debug|ARM = Debug|ARM
		Debug|x64 = Debug|x64
		Debug|x86 = Debug|x86
		Release|Any CPU = Release|Any CPU
		Release|ARM = Release|ARM
		Release|x64 = Release|x64
		Release|x86 = Release|x86
	EndGlobalSection
	GlobalSection(ProjectConfigurationPlatforms) = postSolution
		{5E1B4AB8-7CAC-45C8-951B-37663DD8FC97}.Debug|Any CPU.ActiveCfg = Debug|x86
		{5E1B4AB8-7CAC-45C8-951B-37663DD8FC97}.Debug|Any CPU.Build.0 = Debug|x86
		{5E1B4AB8-7CAC-45C8-951B-37663DD8FC97}.Debug|Any CPU.Deploy.0 = Debug|x86
		{5E1B4AB8-7CAC-45C8-951B-37663DD8FC97}.Debug|ARM.ActiveCfg = Debug|ARM
		{5E1B4AB8-7CAC-45C8-951B-37663DD8FC97}.Debug|ARM.Build.0 = Debug|ARM
		{5E1B4AB8-7CAC-45C8-951B-37663DD8FC97}.Debug|ARM.Deploy.0 = Debug|ARM
		{5E1B4AB8-7CAC-45C8-951B-37663DD8FC97}.Debug|x64.ActiveCfg = Debug|x64
		{5E1B4AB8-7CAC-45C8-951B-37663DD8FC97}.Debug|x64.Build.0 = Debug|x64
		{5E1B4AB8-7CAC-45C8-951B-37663DD8FC97}.Debug|x64.Deploy.0 = Debug|x64
		{5E1B4AB8-7CAC-45C8-951B-37663DD8FC97}.Debug|x86.ActiveCfg = Debug|x86
		{5E1B4AB8-7CAC-45C8-951B-37663DD8FC97}.Debug|x86.Build.0 = Debug|x86
		{5E1B4AB8-7CAC-45C8-951B-37663DD8FC97}.Debug|x86.Deploy.0 = Debug|x86
		{5E1B4AB8-7CAC-45C8-951B-37663DD8FC97}.Release|Any CPU.ActiveCfg = Release|x86
		{5E1B4AB8-7CAC-45C8-951B-37663DD8FC97}.Release|ARM.ActiveCfg = Release|ARM
		{5E1B4AB8-7CAC-45C8-951B-37663DD8FC97}.Release|ARM.Build.0 = Release|ARM
		{5E1B4AB8-7CAC-45C8-951B-37663DD8FC97}.Release|ARM.Deploy.0 = Release|ARM
		{5E1B4AB8-7CAC-45C8-951B-37663DD8FC97}.Release|x64.ActiveCfg = Release|x64
		{5E1B4AB8-7CAC-45C8-951B-37663DD8FC97}.Release|x64.Build.0 = Release|x64
		{5E1B4AB8-7CAC-45C8-951B-37663DD8FC97}.Release|x64.Deploy.0 = Release|x64
		{5E1B4AB8-7CAC-45C8-951B-37663DD8FC97}.Release|x86.ActiveCfg = Release|x86
		{5E1B4AB8-7CAC-45C8-951B-37663DD8FC97}.Release|x86.Build.0 = Release|x86
		{5E1B4AB8-7CAC-45C8-951B-37663DD8FC97}.Release|x86.Deploy.0 = Release|x86
		{6D938215-B509-4076-A237-32CCECA1E7AF}.Debug|Any CPU.ActiveCfg = Debug|Any CPU
		{6D938215-B509-4076-A237-32CCECA1E7AF}.Debug|Any CPU.Build.0 = Debug|Any CPU
		{6D938215-B509-4076-A237-32CCECA1E7AF}.Debug|ARM.ActiveCfg = Debug|ARM
		{6D938215-B509-4076-A237-32CCECA1E7AF}.Debug|ARM.Build.0 = Debug|ARM
		{6D938215-B509-4076-A237-32CCECA1E7AF}.Debug|x64.ActiveCfg = Debug|x64
		{6D938215-B509-4076-A237-32CCECA1E7AF}.Debug|x64.Build.0 = Debug|x64
		{6D938215-B509-4076-A237-32CCECA1E7AF}.Debug|x86.ActiveCfg = Debug|x86
		{6D938215-B509-4076-A237-32CCECA1E7AF}.Debug|x86.Build.0 = Debug|x86
		{6D938215-B509-4076-A237-32CCECA1E7AF}.Release|Any CPU.ActiveCfg = Release|Any CPU
		{6D938215-B509-4076-A237-32CCECA1E7AF}.Release|Any CPU.Build.0 = Release|Any CPU
		{6D938215-B509-4076-A237-32CCECA1E7AF}.Release|ARM.ActiveCfg = Release|ARM
		{6D938215-B509-4076-A237-32CCECA1E7AF}.Release|ARM.Build.0 = Release|ARM
		{6D938215-B509-4076-A237-32CCECA1E7AF}.Release|x64.ActiveCfg = Release|x64
		{6D938215-B509-4076-A237-32CCECA1E7AF}.Release|x64.Build.0 = Release|x64
		{6D938215-B509-4076-A237-32CCECA1E7AF}.Release|x86.ActiveCfg = Release|x86
		{6D938215-B509-4076-A237-32CCECA1E7AF}.Release|x86.Build.0 = Release|x86
		{35D5962F-9D60-4B72-9DA8-5D7635D1A932}.Debug|Any CPU.ActiveCfg = Debug|Any CPU
		{35D5962F-9D60-4B72-9DA8-5D7635D1A932}.Debug|Any CPU.Build.0 = Debug|Any CPU
		{35D5962F-9D60-4B72-9DA8-5D7635D1A932}.Debug|ARM.ActiveCfg = Debug|ARM
		{35D5962F-9D60-4B72-9DA8-5D7635D1A932}.Debug|ARM.Build.0 = Debug|ARM
		{35D5962F-9D60-4B72-9DA8-5D7635D1A932}.Debug|x64.ActiveCfg = Debug|x64
		{35D5962F-9D60-4B72-9DA8-5D7635D1A932}.Debug|x64.Build.0 = Debug|x64
		{35D5962F-9D60-4B72-9DA8-5D7635D1A932}.Debug|x86.ActiveCfg = Debug|x86
		{35D5962F-9D60-4B72-9DA8-5D7635D1A932}.Debug|x86.Build.0 = Debug|x86
		{35D5962F-9D60-4B72-9DA8-5D7635D1A932}.Release|Any CPU.ActiveCfg = Release|Any CPU
		{35D5962F-9D60-4B72-9DA8-5D7635D1A932}.Release|Any CPU.Build.0 = Release|Any CPU
		{35D5962F-9D60-4B72-9DA8-5D7635D1A932}.Release|ARM.ActiveCfg = Release|ARM
		{35D5962F-9D60-4B72-9DA8-5D7635D1A932}.Release|ARM.Build.0 = Release|ARM
		{35D5962F-9D60-4B72-9DA8-5D7635D1A932}.Release|x64.ActiveCfg = Release|x64
		{35D5962F-9D60-4B72-9DA8-5D7635D1A932}.Release|x64.Build.0 = Release|x64
		{35D5962F-9D60-4B72-9DA8-5D7635D1A932}.Release|x86.ActiveCfg = Release|x86
		{35D5962F-9D60-4B72-9DA8-5D7635D1A932}.Release|x86.Build.0 = Release|x86
		{4839DFDF-6962-47CF-8DD4-4431495B71D1}.Debug|Any CPU.ActiveCfg = Debug|x86
		{4839DFDF-6962-47CF-8DD4-4431495B71D1}.Debug|ARM.ActiveCfg = Debug|ARM
		{4839DFDF-6962-47CF-8DD4-4431495B71D1}.Debug|ARM.Build.0 = Debug|ARM
		{4839DFDF-6962-47CF-8DD4-4431495B71D1}.Debug|ARM.Deploy.0 = Debug|ARM
		{4839DFDF-6962-47CF-8DD4-4431495B71D1}.Debug|x64.ActiveCfg = Debug|x64
		{4839DFDF-6962-47CF-8DD4-4431495B71D1}.Debug|x64.Build.0 = Debug|x64
		{4839DFDF-6962-47CF-8DD4-4431495B71D1}.Debug|x64.Deploy.0 = Debug|x64
		{4839DFDF-6962-47CF-8DD4-4431495B71D1}.Debug|x86.ActiveCfg = Debug|x86
		{4839DFDF-6962-47CF-8DD4-4431495B71D1}.Debug|x86.Build.0 = Debug|x86
		{4839DFDF-6962-47CF-8DD4-4431495B71D1}.Debug|x86.Deploy.0 = Debug|x86
		{4839DFDF-6962-47CF-8DD4-4431495B71D1}.Release|Any CPU.ActiveCfg = Release|x86
		{4839DFDF-6962-47CF-8DD4-4431495B71D1}.Release|ARM.ActiveCfg = Release|ARM
		{4839DFDF-6962-47CF-8DD4-4431495B71D1}.Release|ARM.Build.0 = Release|ARM
		{4839DFDF-6962-47CF-8DD4-4431495B71D1}.Release|ARM.Deploy.0 = Release|ARM
		{4839DFDF-6962-47CF-8DD4-4431495B71D1}.Release|x64.ActiveCfg = Release|x64
		{4839DFDF-6962-47CF-8DD4-4431495B71D1}.Release|x64.Build.0 = Release|x64
		{4839DFDF-6962-47CF-8DD4-4431495B71D1}.Release|x64.Deploy.0 = Release|x64
		{4839DFDF-6962-47CF-8DD4-4431495B71D1}.Release|x86.ActiveCfg = Release|x86
		{4839DFDF-6962-47CF-8DD4-4431495B71D1}.Release|x86.Build.0 = Release|x86
		{4839DFDF-6962-47CF-8DD4-4431495B71D1}.Release|x86.Deploy.0 = Release|x86
		{5BBE7206-AE0D-4F01-AFF5-8A8E2535F1AB}.Debug|Any CPU.ActiveCfg = Debug|Any CPU
		{5BBE7206-AE0D-4F01-AFF5-8A8E2535F1AB}.Debug|Any CPU.Build.0 = Debug|Any CPU
		{5BBE7206-AE0D-4F01-AFF5-8A8E2535F1AB}.Debug|ARM.ActiveCfg = Debug|ARM
		{5BBE7206-AE0D-4F01-AFF5-8A8E2535F1AB}.Debug|ARM.Build.0 = Debug|ARM
		{5BBE7206-AE0D-4F01-AFF5-8A8E2535F1AB}.Debug|x64.ActiveCfg = Debug|x64
		{5BBE7206-AE0D-4F01-AFF5-8A8E2535F1AB}.Debug|x64.Build.0 = Debug|x64
		{5BBE7206-AE0D-4F01-AFF5-8A8E2535F1AB}.Debug|x86.ActiveCfg = Debug|x86
		{5BBE7206-AE0D-4F01-AFF5-8A8E2535F1AB}.Debug|x86.Build.0 = Debug|x86
		{5BBE7206-AE0D-4F01-AFF5-8A8E2535F1AB}.Release|Any CPU.ActiveCfg = Release|Any CPU
		{5BBE7206-AE0D-4F01-AFF5-8A8E2535F1AB}.Release|Any CPU.Build.0 = Release|Any CPU
		{5BBE7206-AE0D-4F01-AFF5-8A8E2535F1AB}.Release|ARM.ActiveCfg = Release|ARM
		{5BBE7206-AE0D-4F01-AFF5-8A8E2535F1AB}.Release|ARM.Build.0 = Release|ARM
		{5BBE7206-AE0D-4F01-AFF5-8A8E2535F1AB}.Release|x64.ActiveCfg = Release|x64
		{5BBE7206-AE0D-4F01-AFF5-8A8E2535F1AB}.Release|x64.Build.0 = Release|x64
		{5BBE7206-AE0D-4F01-AFF5-8A8E2535F1AB}.Release|x86.ActiveCfg = Release|x86
		{5BBE7206-AE0D-4F01-AFF5-8A8E2535F1AB}.Release|x86.Build.0 = Release|x86
		{B86919B1-5B25-4C94-8C80-C70DC62B06BE}.Debug|Any CPU.ActiveCfg = Debug|Any CPU
		{B86919B1-5B25-4C94-8C80-C70DC62B06BE}.Debug|Any CPU.Build.0 = Debug|Any CPU
		{B86919B1-5B25-4C94-8C80-C70DC62B06BE}.Debug|ARM.ActiveCfg = Debug|Any CPU
		{B86919B1-5B25-4C94-8C80-C70DC62B06BE}.Debug|ARM.Build.0 = Debug|Any CPU
		{B86919B1-5B25-4C94-8C80-C70DC62B06BE}.Debug|x64.ActiveCfg = Debug|Any CPU
		{B86919B1-5B25-4C94-8C80-C70DC62B06BE}.Debug|x64.Build.0 = Debug|Any CPU
		{B86919B1-5B25-4C94-8C80-C70DC62B06BE}.Debug|x86.ActiveCfg = Debug|Any CPU
		{B86919B1-5B25-4C94-8C80-C70DC62B06BE}.Debug|x86.Build.0 = Debug|Any CPU
		{B86919B1-5B25-4C94-8C80-C70DC62B06BE}.Release|Any CPU.ActiveCfg = Release|Any CPU
		{B86919B1-5B25-4C94-8C80-C70DC62B06BE}.Release|Any CPU.Build.0 = Release|Any CPU
		{B86919B1-5B25-4C94-8C80-C70DC62B06BE}.Release|ARM.ActiveCfg = Release|Any CPU
		{B86919B1-5B25-4C94-8C80-C70DC62B06BE}.Release|ARM.Build.0 = Release|Any CPU
		{B86919B1-5B25-4C94-8C80-C70DC62B06BE}.Release|x64.ActiveCfg = Release|Any CPU
		{B86919B1-5B25-4C94-8C80-C70DC62B06BE}.Release|x64.Build.0 = Release|Any CPU
		{B86919B1-5B25-4C94-8C80-C70DC62B06BE}.Release|x86.ActiveCfg = Release|Any CPU
		{B86919B1-5B25-4C94-8C80-C70DC62B06BE}.Release|x86.Build.0 = Release|Any CPU
		{D0A3434D-E159-42FB-927B-0108F65D3654}.Debug|Any CPU.ActiveCfg = Debug|x86
		{D0A3434D-E159-42FB-927B-0108F65D3654}.Debug|ARM.ActiveCfg = Debug|ARM
		{D0A3434D-E159-42FB-927B-0108F65D3654}.Debug|ARM.Build.0 = Debug|ARM
		{D0A3434D-E159-42FB-927B-0108F65D3654}.Debug|ARM.Deploy.0 = Debug|ARM
		{D0A3434D-E159-42FB-927B-0108F65D3654}.Debug|x64.ActiveCfg = Debug|x64
		{D0A3434D-E159-42FB-927B-0108F65D3654}.Debug|x64.Build.0 = Debug|x64
		{D0A3434D-E159-42FB-927B-0108F65D3654}.Debug|x64.Deploy.0 = Debug|x64
		{D0A3434D-E159-42FB-927B-0108F65D3654}.Debug|x86.ActiveCfg = Debug|x86
		{D0A3434D-E159-42FB-927B-0108F65D3654}.Debug|x86.Build.0 = Debug|x86
		{D0A3434D-E159-42FB-927B-0108F65D3654}.Debug|x86.Deploy.0 = Debug|x86
		{D0A3434D-E159-42FB-927B-0108F65D3654}.Release|Any CPU.ActiveCfg = Release|x86
		{D0A3434D-E159-42FB-927B-0108F65D3654}.Release|ARM.ActiveCfg = Release|ARM
		{D0A3434D-E159-42FB-927B-0108F65D3654}.Release|ARM.Build.0 = Release|ARM
		{D0A3434D-E159-42FB-927B-0108F65D3654}.Release|ARM.Deploy.0 = Release|ARM
		{D0A3434D-E159-42FB-927B-0108F65D3654}.Release|x64.ActiveCfg = Release|x64
		{D0A3434D-E159-42FB-927B-0108F65D3654}.Release|x64.Build.0 = Release|x64
		{D0A3434D-E159-42FB-927B-0108F65D3654}.Release|x64.Deploy.0 = Release|x64
		{D0A3434D-E159-42FB-927B-0108F65D3654}.Release|x86.ActiveCfg = Release|x86
		{D0A3434D-E159-42FB-927B-0108F65D3654}.Release|x86.Build.0 = Release|x86
		{D0A3434D-E159-42FB-927B-0108F65D3654}.Release|x86.Deploy.0 = Release|x86
	EndGlobalSection
	GlobalSection(SolutionProperties) = preSolution
		HideSolutionNode = FALSE
	EndGlobalSection
	GlobalSection(ExtensibilityGlobals) = postSolution
		SolutionGuid = {CA7B01EF-D4DF-4CEC-8428-073213009DF8}
	EndGlobalSection
EndGlobal
